// !$*UTF8*$!
{
	archiveVersion = 1;
	classes = {
	};
	objectVersion = 56;
	objects = {

/* Begin PBXBuildFile section */
		C05C4CE72BD9A42900A5F47F /* main.cpp in Sources */ = {isa = PBXBuildFile; fileRef = C05C4CE62BD9A42900A5F47F /* main.cpp */; };
		C05C4CEF2BD9A43500A5F47F /* server.cpp in Sources */ = {isa = PBXBuildFile; fileRef = C05C4CED2BD9A43500A5F47F /* server.cpp */; };
		C05C4CF22BD9A44C00A5F47F /* client.cpp in Sources */ = {isa = PBXBuildFile; fileRef = C05C4CF02BD9A44C00A5F47F /* client.cpp */; };
/* End PBXBuildFile section */

/* Begin PBXCopyFilesBuildPhase section */
		C05C4CE12BD9A42900A5F47F /* CopyFiles */ = {
			isa = PBXCopyFilesBuildPhase;
			buildActionMask = 2147483647;
			dstPath = /usr/share/man/man1/;
			dstSubfolderSpec = 0;
			files = (
			);
			runOnlyForDeploymentPostprocessing = 1;
		};
/* End PBXCopyFilesBuildPhase section */

/* Begin PBXFileReference section */
		C05C4CE32BD9A42900A5F47F /* TuttleFinalExam */ = {isa = PBXFileReference; explicitFileType = "compiled.mach-o.executable"; includeInIndex = 0; path = TuttleFinalExam; sourceTree = BUILT_PRODUCTS_DIR; };
		C05C4CE62BD9A42900A5F47F /* main.cpp */ = {isa = PBXFileReference; lastKnownFileType = sourcecode.cpp.cpp; path = main.cpp; sourceTree = "<group>"; };
		C05C4CED2BD9A43500A5F47F /* server.cpp */ = {isa = PBXFileReference; lastKnownFileType = sourcecode.cpp.cpp; path = server.cpp; sourceTree = "<group>"; };
		C05C4CEE2BD9A43500A5F47F /* server.hpp */ = {isa = PBXFileReference; lastKnownFileType = sourcecode.cpp.h; path = server.hpp; sourceTree = "<group>"; };
		C05C4CF02BD9A44C00A5F47F /* client.cpp */ = {isa = PBXFileReference; lastKnownFileType = sourcecode.cpp.cpp; path = client.cpp; sourceTree = "<group>"; };
		C05C4CF12BD9A44C00A5F47F /* client.hpp */ = {isa = PBXFileReference; lastKnownFileType = sourcecode.cpp.h; path = client.hpp; sourceTree = "<group>"; };
/* End PBXFileReference section */

/* Begin PBXFrameworksBuildPhase section */
		C05C4CE02BD9A42900A5F47F /* Frameworks */ = {
			isa = PBXFrameworksBuildPhase;
			buildActionMask = 2147483647;
			files = (
			);
			runOnlyForDeploymentPostprocessing = 0;
		};
/* End PBXFrameworksBuildPhase section */

/* Begin PBXGroup section */
		C05C4CDA2BD9A42900A5F47F = {
			isa = PBXGroup;
			children = (
				C05C4CF02BD9A44C00A5F47F /* client.cpp */,
				C05C4CF12BD9A44C00A5F47F /* client.hpp */,
				C05C4CED2BD9A43500A5F47F /* server.cpp */,
				C05C4CEE2BD9A43500A5F47F /* server.hpp */,
				C05C4CE52BD9A42900A5F47F /* TuttleFinalExam */,
				C05C4CE42BD9A42900A5F47F /* Products */,
			);
			sourceTree = "<group>";
		};
		C05C4CE42BD9A42900A5F47F /* Products */ = {
			isa = PBXGroup;
			children = (
				C05C4CE32BD9A42900A5F47F /* TuttleFinalExam */,
			);
			name = Products;
			sourceTree = "<group>";
		};
		C05C4CE52BD9A42900A5F47F /* TuttleFinalExam */ = {
			isa = PBXGroup;
			children = (
				C05C4CE62BD9A42900A5F47F /* main.cpp */,
			);
			path = TuttleFinalExam;
			sourceTree = "<group>";
		};
/* End PBXGroup section */

/* Begin PBXNativeTarget section */
		C05C4CE22BD9A42900A5F47F /* TuttleFinalExam */ = {
			isa = PBXNativeTarget;
			buildConfigurationList = C05C4CEA2BD9A42900A5F47F /* Build configuration list for PBXNativeTarget "TuttleFinalExam" */;
			buildPhases = (
				C05C4CDF2BD9A42900A5F47F /* Sources */,
				C05C4CE02BD9A42900A5F47F /* Frameworks */,
				C05C4CE12BD9A42900A5F47F /* CopyFiles */,
			);
			buildRules = (
			);
			dependencies = (
			);
			name = TuttleFinalExam;
			productName = TuttleFinalExam;
			productReference = C05C4CE32BD9A42900A5F47F /* TuttleFinalExam */;
			productType = "com.apple.product-type.tool";
		};
/* End PBXNativeTarget section */

/* Begin PBXProject section */
		C05C4CDB2BD9A42900A5F47F /* Project object */ = {
			isa = PBXProject;
			attributes = {
				BuildIndependentTargetsInParallel = 1;
				LastUpgradeCheck = 1430;
				TargetAttributes = {
					C05C4CE22BD9A42900A5F47F = {
						CreatedOnToolsVersion = 14.3.1;
					};
				};
			};
			buildConfigurationList = C05C4CDE2BD9A42900A5F47F /* Build configuration list for PBXProject "TuttleFinalExam" */;
			compatibilityVersion = "Xcode 14.0";
			developmentRegion = en;
			hasScannedForEncodings = 0;
			knownRegions = (
				en,
				Base,
			);
			mainGroup = C05C4CDA2BD9A42900A5F47F;
			productRefGroup = C05C4CE42BD9A42900A5F47F /* Products */;
			projectDirPath = "";
			projectRoot = "";
			targets = (
				C05C4CE22BD9A42900A5F47F /* TuttleFinalExam */,
			);
		};
/* End PBXProject section */

/* Begin PBXSourcesBuildPhase section */
		C05C4CDF2BD9A42900A5F47F /* Sources */ = {
			isa = PBXSourcesBuildPhase;
			buildActionMask = 2147483647;
			files = (
				C05C4CEF2BD9A43500A5F47F /* server.cpp in Sources */,
				C05C4CE72BD9A42900A5F47F /* main.cpp in Sources */,
				C05C4CF22BD9A44C00A5F47F /* client.cpp in Sources */,
			);
			runOnlyForDeploymentPostprocessing = 0;
		};
/* End PBXSourcesBuildPhase section */

/* Begin XCBuildConfiguration section */
		C05C4CE82BD9A42900A5F47F /* Debug */ = {
			isa = XCBuildConfiguration;
			buildSettings = {
				ALWAYS_SEARCH_USER_PATHS = NO;
				CLANG_ANALYZER_NONNULL = YES;
				CLANG_ANALYZER_NUMBER_OBJECT_CONVERSION = YES_AGGRESSIVE;
				CLANG_CXX_LANGUAGE_STANDARD = "gnu++20";
				CLANG_ENABLE_MODULES = YES;
				CLANG_ENABLE_OBJC_ARC = YES;
				CLANG_ENABLE_OBJC_WEAK = YES;
				CLANG_WARN_BLOCK_CAPTURE_AUTORELEASING = YES;
				CLANG_WARN_BOOL_CONVERSION = YES;
				CLANG_WARN_COMMA = YES;
				CLANG_WARN_CONSTANT_CONVERSION = YES;
				CLANG_WARN_DEPRECATED_OBJC_IMPLEMENTATIONS = YES;
				CLANG_WARN_DIRECT_OBJC_ISA_USAGE = YES_ERROR;
				CLANG_WARN_DOCUMENTATION_COMMENTS = YES;
				CLANG_WARN_EMPTY_BODY = YES;
				CLANG_WARN_ENUM_CONVERSION = YES;
				CLANG_WARN_INFINITE_RECURSION = YES;
				CLANG_WARN_INT_CONVERSION = YES;
				CLANG_WARN_NON_LITERAL_NULL_CONVERSION = YES;
				CLANG_WARN_OBJC_IMPLICIT_RETAIN_SELF = YES;
				CLANG_WARN_OBJC_LITERAL_CONVERSION = YES;
				CLANG_WARN_OBJC_ROOT_CLASS = YES_ERROR;
				CLANG_WARN_QUOTED_INCLUDE_IN_FRAMEWORK_HEADER = YES;
				CLANG_WARN_RANGE_LOOP_ANALYSIS = YES;
				CLANG_WARN_STRICT_PROTOTYPES = YES;
				CLANG_WARN_SUSPICIOUS_MOVE = YES;
				CLANG_WARN_UNGUARDED_AVAILABILITY = YES_AGGRESSIVE;
				CLANG_WARN_UNREACHABLE_CODE = YES;
				CLANG_WARN__DUPLICATE_METHOD_MATCH = YES;
				COPY_PHASE_STRIP = NO;
				DEBUG_INFORMATION_FORMAT = dwarf;
				ENABLE_STRICT_OBJC_MSGSEND = YES;
				ENABLE_TESTABILITY = YES;
				GCC_C_LANGUAGE_STANDARD = gnu11;
				GCC_DYNAMIC_NO_PIC = NO;
				GCC_NO_COMMON_BLOCKS = YES;
				GCC_OPTIMIZATION_LEVEL = 0;
				GCC_PREPROCESSOR_DEFINITIONS = (
					"DEBUG=1",
					"$(inherited)",
				);
				GCC_WARN_64_TO_32_BIT_CONVERSION = YES;
				GCC_WARN_ABOUT_RETURN_TYPE = YES_ERROR;
				GCC_WARN_UNDECLARED_SELECTOR = YES;
				GCC_WARN_UNINITIALIZED_AUTOS = YES_AGGRESSIVE;
				GCC_WARN_UNUSED_FUNCTION = YES;
				GCC_WARN_UNUSED_VARIABLE = YES;
				MACOSX_DEPLOYMENT_TARGET = 13.0;
				MTL_ENABLE_DEBUG_INFO = INCLUDE_SOURCE;
				MTL_FAST_MATH = YES;
				ONLY_ACTIVE_ARCH = YES;
				SDKROOT = macosx;
			};
			name = Debug;
		};
		C05C4CE92BD9A42900A5F47F /* Release */ = {
			isa = XCBuildConfiguration;
			buildSettings = {
				ALWAYS_SEARCH_USER_PATHS = NO;
				CLANG_ANALYZER_NONNULL = YES;
				CLANG_ANALYZER_NUMBER_OBJECT_CONVERSION = YES_AGGRESSIVE;
				CLANG_CXX_LANGUAGE_STANDARD = "gnu++20";
				CLANG_ENABLE_MODULES = YES;
				CLANG_ENABLE_OBJC_ARC = YES;
				CLANG_ENABLE_OBJC_WEAK = YES;
				CLANG_WARN_BLOCK_CAPTURE_AUTORELEASING = YES;
				CLANG_WARN_BOOL_CONVERSION = YES;
				CLANG_WARN_COMMA = YES;
				CLANG_WARN_CONSTANT_CONVERSION = YES;
				CLANG_WARN_DEPRECATED_OBJC_IMPLEMENTATIONS = YES;
				CLANG_WARN_DIRECT_OBJC_ISA_USAGE = YES_ERROR;
				CLANG_WARN_DOCUMENTATION_COMMENTS = YES;
				CLANG_WARN_EMPTY_BODY = YES;
				CLANG_WARN_ENUM_CONVERSION = YES;
				CLANG_WARN_INFINITE_RECURSION = YES;
				CLANG_WARN_INT_CONVERSION = YES;
				CLANG_WARN_NON_LITERAL_NULL_CONVERSION = YES;
				CLANG_WARN_OBJC_IMPLICIT_RETAIN_SELF = YES;
				CLANG_WARN_OBJC_LITERAL_CONVERSION = YES;
				CLANG_WARN_OBJC_ROOT_CLASS = YES_ERROR;
				CLANG_WARN_QUOTED_INCLUDE_IN_FRAMEWORK_HEADER = YES;
				CLANG_WARN_RANGE_LOOP_ANALYSIS = YES;
				CLANG_WARN_STRICT_PROTOTYPES = YES;
				CLANG_WARN_SUSPICIOUS_MOVE = YES;
				CLANG_WARN_UNGUARDED_AVAILABILITY = YES_AGGRESSIVE;
				CLANG_WARN_UNREACHABLE_CODE = YES;
				CLANG_WARN__DUPLICATE_METHOD_MATCH = YES;
				COPY_PHASE_STRIP = NO;
				DEBUG_INFORMATION_FORMAT = "dwarf-with-dsym";
				ENABLE_NS_ASSERTIONS = NO;
				ENABLE_STRICT_OBJC_MSGSEND = YES;
				GCC_C_LANGUAGE_STANDARD = gnu11;
				GCC_NO_COMMON_BLOCKS = YES;
				GCC_WARN_64_TO_32_BIT_CONVERSION = YES;
				GCC_WARN_ABOUT_RETURN_TYPE = YES_ERROR;
				GCC_WARN_UNDECLARED_SELECTOR = YES;
				GCC_WARN_UNINITIALIZED_AUTOS = YES_AGGRESSIVE;
				GCC_WARN_UNUSED_FUNCTION = YES;
				GCC_WARN_UNUSED_VARIABLE = YES;
				MACOSX_DEPLOYMENT_TARGET = 13.0;
				MTL_ENABLE_DEBUG_INFO = NO;
				MTL_FAST_MATH = YES;
				SDKROOT = macosx;
			};
			name = Release;
		};
		C05C4CEB2BD9A42900A5F47F /* Debug */ = {
			isa = XCBuildConfiguration;
			buildSettings = {
				CODE_SIGN_STYLE = Automatic;
				PRODUCT_NAME = "$(TARGET_NAME)";
			};
			name = Debug;
		};
		C05C4CEC2BD9A42900A5F47F /* Release */ = {
			isa = XCBuildConfiguration;
			buildSettings = {
				CODE_SIGN_STYLE = Automatic;
				PRODUCT_NAME = "$(TARGET_NAME)";
			};
			name = Release;
		};
/* End XCBuildConfiguration section */

/* Begin XCConfigurationList section */
		C05C4CDE2BD9A42900A5F47F /* Build configuration list for PBXProject "TuttleFinalExam" */ = {
			isa = XCConfigurationList;
			buildConfigurations = (
				C05C4CE82BD9A42900A5F47F /* Debug */,
				C05C4CE92BD9A42900A5F47F /* Release */,
			);
			defaultConfigurationIsVisible = 0;
			defaultConfigurationName = Release;
		};
		C05C4CEA2BD9A42900A5F47F /* Build configuration list for PBXNativeTarget "TuttleFinalExam" */ = {
			isa = XCConfigurationList;
			buildConfigurations = (
				C05C4CEB2BD9A42900A5F47F /* Debug */,
				C05C4CEC2BD9A42900A5F47F /* Release */,
			);
			defaultConfigurationIsVisible = 0;
			defaultConfigurationName = Release;
		};
/* End XCConfigurationList section */
	};
	rootObject = C05C4CDB2BD9A42900A5F47F /* Project object */;
}
