// !$*UTF8*$!
{
	archiveVersion = 1;
	classes = {
	};
	objectVersion = 56;
	objects = {

/* Begin PBXBuildFile section */
		C049BE2F2BAC90E50082E6DC /* main.cpp in Sources */ = {isa = PBXBuildFile; fileRef = C049BE2E2BAC90E50082E6DC /* main.cpp */; };
		C049BE372BAC90F70082E6DC /* server.cpp in Sources */ = {isa = PBXBuildFile; fileRef = C049BE352BAC90F70082E6DC /* server.cpp */; };
		C049BE3A2BAC910E0082E6DC /* client.cpp in Sources */ = {isa = PBXBuildFile; fileRef = C049BE382BAC910E0082E6DC /* client.cpp */; };
/* End PBXBuildFile section */

/* Begin PBXCopyFilesBuildPhase section */
		C049BE292BAC90E50082E6DC /* CopyFiles */ = {
			isa = PBXCopyFilesBuildPhase;
			buildActionMask = 2147483647;
			dstPath = /usr/share/man/man1/;
			dstSubfolderSpec = 0;
			files = (
			);
			runOnlyForDeploymentPostprocessing = 1;
		};
/* End PBXCopyFilesBuildPhase section */

/* Begin PBXFileReference section */
		C049BE2B2BAC90E50082E6DC /* TuttleExam2Q1 */ = {isa = PBXFileReference; explicitFileType = "compiled.mach-o.executable"; includeInIndex = 0; path = TuttleExam2Q1; sourceTree = BUILT_PRODUCTS_DIR; };
		C049BE2E2BAC90E50082E6DC /* main.cpp */ = {isa = PBXFileReference; lastKnownFileType = sourcecode.cpp.cpp; path = main.cpp; sourceTree = "<group>"; };
		C049BE352BAC90F70082E6DC /* server.cpp */ = {isa = PBXFileReference; lastKnownFileType = sourcecode.cpp.cpp; path = server.cpp; sourceTree = "<group>"; };
		C049BE362BAC90F70082E6DC /* server.hpp */ = {isa = PBXFileReference; lastKnownFileType = sourcecode.cpp.h; path = server.hpp; sourceTree = "<group>"; };
		C049BE382BAC910E0082E6DC /* client.cpp */ = {isa = PBXFileReference; lastKnownFileType = sourcecode.cpp.cpp; path = client.cpp; sourceTree = "<group>"; };
		C049BE392BAC910E0082E6DC /* client.hpp */ = {isa = PBXFileReference; lastKnownFileType = sourcecode.cpp.h; path = client.hpp; sourceTree = "<group>"; };
/* End PBXFileReference section */

/* Begin PBXFrameworksBuildPhase section */
		C049BE282BAC90E50082E6DC /* Frameworks */ = {
			isa = PBXFrameworksBuildPhase;
			buildActionMask = 2147483647;
			files = (
			);
			runOnlyForDeploymentPostprocessing = 0;
		};
/* End PBXFrameworksBuildPhase section */

/* Begin PBXGroup section */
		C049BE222BAC90E50082E6DC = {
			isa = PBXGroup;
			children = (
				C049BE382BAC910E0082E6DC /* client.cpp */,
				C049BE392BAC910E0082E6DC /* client.hpp */,
				C049BE352BAC90F70082E6DC /* server.cpp */,
				C049BE362BAC90F70082E6DC /* server.hpp */,
				C049BE2D2BAC90E50082E6DC /* TuttleExam2Q1 */,
				C049BE2C2BAC90E50082E6DC /* Products */,
			);
			sourceTree = "<group>";
		};
		C049BE2C2BAC90E50082E6DC /* Products */ = {
			isa = PBXGroup;
			children = (
				C049BE2B2BAC90E50082E6DC /* TuttleExam2Q1 */,
			);
			name = Products;
			sourceTree = "<group>";
		};
		C049BE2D2BAC90E50082E6DC /* TuttleExam2Q1 */ = {
			isa = PBXGroup;
			children = (
				C049BE2E2BAC90E50082E6DC /* main.cpp */,
			);
			path = TuttleExam2Q1;
			sourceTree = "<group>";
		};
/* End PBXGroup section */

/* Begin PBXNativeTarget section */
		C049BE2A2BAC90E50082E6DC /* TuttleExam2Q1 */ = {
			isa = PBXNativeTarget;
			buildConfigurationList = C049BE322BAC90E50082E6DC /* Build configuration list for PBXNativeTarget "TuttleExam2Q1" */;
			buildPhases = (
				C049BE272BAC90E50082E6DC /* Sources */,
				C049BE282BAC90E50082E6DC /* Frameworks */,
				C049BE292BAC90E50082E6DC /* CopyFiles */,
			);
			buildRules = (
			);
			dependencies = (
			);
			name = TuttleExam2Q1;
			productName = TuttleExam2Q1;
			productReference = C049BE2B2BAC90E50082E6DC /* TuttleExam2Q1 */;
			productType = "com.apple.product-type.tool";
		};
/* End PBXNativeTarget section */

/* Begin PBXProject section */
		C049BE232BAC90E50082E6DC /* Project object */ = {
			isa = PBXProject;
			attributes = {
				BuildIndependentTargetsInParallel = 1;
				LastUpgradeCheck = 1430;
				TargetAttributes = {
					C049BE2A2BAC90E50082E6DC = {
						CreatedOnToolsVersion = 14.3.1;
					};
				};
			};
			buildConfigurationList = C049BE262BAC90E50082E6DC /* Build configuration list for PBXProject "TuttleExam2Q1" */;
			compatibilityVersion = "Xcode 14.0";
			developmentRegion = en;
			hasScannedForEncodings = 0;
			knownRegions = (
				en,
				Base,
			);
			mainGroup = C049BE222BAC90E50082E6DC;
			productRefGroup = C049BE2C2BAC90E50082E6DC /* Products */;
			projectDirPath = "";
			projectRoot = "";
			targets = (
				C049BE2A2BAC90E50082E6DC /* TuttleExam2Q1 */,
			);
		};
/* End PBXProject section */

/* Begin PBXSourcesBuildPhase section */
		C049BE272BAC90E50082E6DC /* Sources */ = {
			isa = PBXSourcesBuildPhase;
			buildActionMask = 2147483647;
			files = (
				C049BE372BAC90F70082E6DC /* server.cpp in Sources */,
				C049BE2F2BAC90E50082E6DC /* main.cpp in Sources */,
				C049BE3A2BAC910E0082E6DC /* client.cpp in Sources */,
			);
			runOnlyForDeploymentPostprocessing = 0;
		};
/* End PBXSourcesBuildPhase section */

/* Begin XCBuildConfiguration section */
		C049BE302BAC90E50082E6DC /* Debug */ = {
			isa = XCBuildConfiguration;
			buildSettings = {
				ALWAYS_SEARCH_USER_PATHS = NO;
				CLANG_ANALYZER_NONNULL = YES;
				CLANG_ANALYZER_NUMBER_OBJECT_CONVERSION = YES_AGGRESSIVE;
				CLANG_CXX_LANGUAGE_STANDARD = "gnu++20";
				CLANG_ENABLE_MODULES = YES;
				CLANG_ENABLE_OBJC_ARC = YES;
				CLANG_ENABLE_OBJC_WEAK = YES;
				CLANG_WARN_BLOCK_CAPTURE_AUTORELEASING = YES;
				CLANG_WARN_BOOL_CONVERSION = YES;
				CLANG_WARN_COMMA = YES;
				CLANG_WARN_CONSTANT_CONVERSION = YES;
				CLANG_WARN_DEPRECATED_OBJC_IMPLEMENTATIONS = YES;
				CLANG_WARN_DIRECT_OBJC_ISA_USAGE = YES_ERROR;
				CLANG_WARN_DOCUMENTATION_COMMENTS = YES;
				CLANG_WARN_EMPTY_BODY = YES;
				CLANG_WARN_ENUM_CONVERSION = YES;
				CLANG_WARN_INFINITE_RECURSION = YES;
				CLANG_WARN_INT_CONVERSION = YES;
				CLANG_WARN_NON_LITERAL_NULL_CONVERSION = YES;
				CLANG_WARN_OBJC_IMPLICIT_RETAIN_SELF = YES;
				CLANG_WARN_OBJC_LITERAL_CONVERSION = YES;
				CLANG_WARN_OBJC_ROOT_CLASS = YES_ERROR;
				CLANG_WARN_QUOTED_INCLUDE_IN_FRAMEWORK_HEADER = YES;
				CLANG_WARN_RANGE_LOOP_ANALYSIS = YES;
				CLANG_WARN_STRICT_PROTOTYPES = YES;
				CLANG_WARN_SUSPICIOUS_MOVE = YES;
				CLANG_WARN_UNGUARDED_AVAILABILITY = YES_AGGRESSIVE;
				CLANG_WARN_UNREACHABLE_CODE = YES;
				CLANG_WARN__DUPLICATE_METHOD_MATCH = YES;
				COPY_PHASE_STRIP = NO;
				DEBUG_INFORMATION_FORMAT = dwarf;
				ENABLE_STRICT_OBJC_MSGSEND = YES;
				ENABLE_TESTABILITY = YES;
				GCC_C_LANGUAGE_STANDARD = gnu11;
				GCC_DYNAMIC_NO_PIC = NO;
				GCC_NO_COMMON_BLOCKS = YES;
				GCC_OPTIMIZATION_LEVEL = 0;
				GCC_PREPROCESSOR_DEFINITIONS = (
					"DEBUG=1",
					"$(inherited)",
				);
				GCC_WARN_64_TO_32_BIT_CONVERSION = YES;
				GCC_WARN_ABOUT_RETURN_TYPE = YES_ERROR;
				GCC_WARN_UNDECLARED_SELECTOR = YES;
				GCC_WARN_UNINITIALIZED_AUTOS = YES_AGGRESSIVE;
				GCC_WARN_UNUSED_FUNCTION = YES;
				GCC_WARN_UNUSED_VARIABLE = YES;
				MACOSX_DEPLOYMENT_TARGET = 13.0;
				MTL_ENABLE_DEBUG_INFO = INCLUDE_SOURCE;
				MTL_FAST_MATH = YES;
				ONLY_ACTIVE_ARCH = YES;
				SDKROOT = macosx;
			};
			name = Debug;
		};
		C049BE312BAC90E50082E6DC /* Release */ = {
			isa = XCBuildConfiguration;
			buildSettings = {
				ALWAYS_SEARCH_USER_PATHS = NO;
				CLANG_ANALYZER_NONNULL = YES;
				CLANG_ANALYZER_NUMBER_OBJECT_CONVERSION = YES_AGGRESSIVE;
				CLANG_CXX_LANGUAGE_STANDARD = "gnu++20";
				CLANG_ENABLE_MODULES = YES;
				CLANG_ENABLE_OBJC_ARC = YES;
				CLANG_ENABLE_OBJC_WEAK = YES;
				CLANG_WARN_BLOCK_CAPTURE_AUTORELEASING = YES;
				CLANG_WARN_BOOL_CONVERSION = YES;
				CLANG_WARN_COMMA = YES;
				CLANG_WARN_CONSTANT_CONVERSION = YES;
				CLANG_WARN_DEPRECATED_OBJC_IMPLEMENTATIONS = YES;
				CLANG_WARN_DIRECT_OBJC_ISA_USAGE = YES_ERROR;
				CLANG_WARN_DOCUMENTATION_COMMENTS = YES;
				CLANG_WARN_EMPTY_BODY = YES;
				CLANG_WARN_ENUM_CONVERSION = YES;
				CLANG_WARN_INFINITE_RECURSION = YES;
				CLANG_WARN_INT_CONVERSION = YES;
				CLANG_WARN_NON_LITERAL_NULL_CONVERSION = YES;
				CLANG_WARN_OBJC_IMPLICIT_RETAIN_SELF = YES;
				CLANG_WARN_OBJC_LITERAL_CONVERSION = YES;
				CLANG_WARN_OBJC_ROOT_CLASS = YES_ERROR;
				CLANG_WARN_QUOTED_INCLUDE_IN_FRAMEWORK_HEADER = YES;
				CLANG_WARN_RANGE_LOOP_ANALYSIS = YES;
				CLANG_WARN_STRICT_PROTOTYPES = YES;
				CLANG_WARN_SUSPICIOUS_MOVE = YES;
				CLANG_WARN_UNGUARDED_AVAILABILITY = YES_AGGRESSIVE;
				CLANG_WARN_UNREACHABLE_CODE = YES;
				CLANG_WARN__DUPLICATE_METHOD_MATCH = YES;
				COPY_PHASE_STRIP = NO;
				DEBUG_INFORMATION_FORMAT = "dwarf-with-dsym";
				ENABLE_NS_ASSERTIONS = NO;
				ENABLE_STRICT_OBJC_MSGSEND = YES;
				GCC_C_LANGUAGE_STANDARD = gnu11;
				GCC_NO_COMMON_BLOCKS = YES;
				GCC_WARN_64_TO_32_BIT_CONVERSION = YES;
				GCC_WARN_ABOUT_RETURN_TYPE = YES_ERROR;
				GCC_WARN_UNDECLARED_SELECTOR = YES;
				GCC_WARN_UNINITIALIZED_AUTOS = YES_AGGRESSIVE;
				GCC_WARN_UNUSED_FUNCTION = YES;
				GCC_WARN_UNUSED_VARIABLE = YES;
				MACOSX_DEPLOYMENT_TARGET = 13.0;
				MTL_ENABLE_DEBUG_INFO = NO;
				MTL_FAST_MATH = YES;
				SDKROOT = macosx;
			};
			name = Release;
		};
		C049BE332BAC90E50082E6DC /* Debug */ = {
			isa = XCBuildConfiguration;
			buildSettings = {
				CODE_SIGN_STYLE = Automatic;
				PRODUCT_NAME = "$(TARGET_NAME)";
			};
			name = Debug;
		};
		C049BE342BAC90E50082E6DC /* Release */ = {
			isa = XCBuildConfiguration;
			buildSettings = {
				CODE_SIGN_STYLE = Automatic;
				PRODUCT_NAME = "$(TARGET_NAME)";
			};
			name = Release;
		};
/* End XCBuildConfiguration section */

/* Begin XCConfigurationList section */
		C049BE262BAC90E50082E6DC /* Build configuration list for PBXProject "TuttleExam2Q1" */ = {
			isa = XCConfigurationList;
			buildConfigurations = (
				C049BE302BAC90E50082E6DC /* Debug */,
				C049BE312BAC90E50082E6DC /* Release */,
			);
			defaultConfigurationIsVisible = 0;
			defaultConfigurationName = Release;
		};
		C049BE322BAC90E50082E6DC /* Build configuration list for PBXNativeTarget "TuttleExam2Q1" */ = {
			isa = XCConfigurationList;
			buildConfigurations = (
				C049BE332BAC90E50082E6DC /* Debug */,
				C049BE342BAC90E50082E6DC /* Release */,
			);
			defaultConfigurationIsVisible = 0;
			defaultConfigurationName = Release;
		};
/* End XCConfigurationList section */
	};
	rootObject = C049BE232BAC90E50082E6DC /* Project object */;
}
